
Microsoft Visual Studio Solution File, Format Version 12.00
# Visual Studio Version 16
VisualStudioVersion = 16.0.30804.86
MinimumVisualStudioVersion = 10.0.40219.1
Project("{FAE04EC0-301F-11D3-BF4B-00C04F79EFBC}") = "WebAPI", "WebAPI\WebAPI.csproj", "{8D7F6750-4D1A-4CF0-B178-46AB1C7BB918}"
EndProject
Project("{FAE04EC0-301F-11D3-BF4B-00C04F79EFBC}") = "WebMVC", "WebMVC\WebMVC.csproj", "{2AEEFE34-306C-481C-89AE-7ED9578DDDA1}"
EndProject
Global
	GlobalSection(SolutionConfigurationPlatforms) = preSolution
		Debug|Any CPU = Debug|Any CPU
		Release|Any CPU = Release|Any CPU
	EndGlobalSection
	GlobalSection(ProjectConfigurationPlatforms) = postSolution
		{8D7F6750-4D1A-4CF0-B178-46AB1C7BB918}.Debug|Any CPU.ActiveCfg = Debug|Any CPU
		{8D7F6750-4D1A-4CF0-B178-46AB1C7BB918}.Debug|Any CPU.Build.0 = Debug|Any CPU
		{8D7F6750-4D1A-4CF0-B178-46AB1C7BB918}.Release|Any CPU.ActiveCfg = Release|Any CPU
		{8D7F6750-4D1A-4CF0-B178-46AB1C7BB918}.Release|Any CPU.Build.0 = Release|Any CPU
		{2AEEFE34-306C-481C-89AE-7ED9578DDDA1}.Debug|Any CPU.ActiveCfg = Debug|Any CPU
		{2AEEFE34-306C-481C-89AE-7ED9578DDDA1}.Debug|Any CPU.Build.0 = Debug|Any CPU
		{2AEEFE34-306C-481C-89AE-7ED9578DDDA1}.Release|Any CPU.ActiveCfg = Release|Any CPU
		{2AEEFE34-306C-481C-89AE-7ED9578DDDA1}.Release|Any CPU.Build.0 = Release|Any CPU
	EndGlobalSection
	GlobalSection(SolutionProperties) = preSolution
		HideSolutionNode = FALSE
	EndGlobalSection
	GlobalSection(ExtensibilityGlobals) = postSolution
		SolutionGuid = {B5AC73C5-0CC0-424E-87F1-20F8C3F94AFD}
	EndGlobalSection
EndGlobal
